<?xml version="1.0" encoding="UTF-8" standalone="yes" ?>
<CodeBlocks_project_file>
	<FileVersion major="1" minor="6" />
	<Project>
		<Option title="examples" />
		<Option pch_mode="2" />
		<Option compiler="gcc" />
		<Build>
			<Target title="test_advancedsequencer">
				<Option output="test_advancedsequencer" prefix_auto="1" extension_auto="1" />
				<Option type="1" />
				<Option compiler="gcc" />
				<Compiler>
					<Add option="-g" />
				</Compiler>
				<Linker>
					<Add library="ole32" />
				</Linker>
			</Target>
			<Target title="test_stepsequencer">
				<Option output="test_stepsequencer" prefix_auto="1" extension_auto="1" />
				<Option type="1" />
				<Option compiler="gcc" />
				<Compiler>
					<Add option="-g" />
				</Compiler>
			</Target>
			<Target title="test_win32_player">
				<Option output="test_win32_player" prefix_auto="1" extension_auto="1" />
				<Option object_output=".objs/win32" />
				<Option type="1" />
				<Option compiler="gcc" />
				<Compiler>
					<Add option="-g" />
				</Compiler>
				<Linker>
					<Add library="gdi32" />
					<Add library="user32" />
					<Add library="kernel32" />
					<Add library="comctl32" />
					<Add library="ole32" />
					<Add library="comdlg32" />
				</Linker>
			</Target>
		</Build>
		<Compiler>
			<Add option="-Wall" />
			<Add option="-std=c++11" />
			<Add directory="../jdk" />
		</Compiler>
		<Linker>
			<Add library="../lib/libmyjdkmidi_d.a" />
			<Add library="winmm" />
			<Add library="ole32" />
		</Linker>
		<Unit filename="win32/jdksmidi_test_drvwin32.cpp">
			<Option target="&lt;{~None~}&gt;" />
		</Unit>
		<Unit filename="win32/test_advancedsequencer.cpp">
			<Option target="test_advancedsequencer" />
		</Unit>
		<Unit filename="win32/test_stepsequencer.cpp">
			<Option target="test_stepsequencer" />
		</Unit>
		<Unit filename="win32/test_stepsequencer.h">
			<Option target="test_stepsequencer" />
		</Unit>
		<Unit filename="win32/test_win32_player.cpp">
			<Option target="test_win32_player" />
		</Unit>
		<Unit filename="win32/test_win32_player.h">
			<Option target="test_win32_player" />
		</Unit>
		<Extensions>
			<code_completion />
			<envvars />
			<debugger />
			<lib_finder disable_auto="1" />
		</Extensions>
	</Project>
</CodeBlocks_project_file>
